
Microsoft Visual Studio Solution File, Format Version 12.00
# Visual Studio 14
VisualStudioVersion = 14.0.23107.0
MinimumVisualStudioVersion = 10.0.40219.1
Project("{FAE04EC0-301F-11D3-BF4B-00C04F79EFBC}") = "Dominio", "Dominio\Dominio.csproj", "{546F8EC8-5AF9-4D02-8D1D-6FD074B724CD}"
EndProject
Project("{FAE04EC0-301F-11D3-BF4B-00C04F79EFBC}") = "Repositorio", "Repositorio\Repositorio.csproj", "{0D129F20-DBFE-4C57-8D6D-AE36A48219C7}"
EndProject
Project("{FAE04EC0-301F-11D3-BF4B-00C04F79EFBC}") = "Aplicacao", "Aplicacao\Aplicacao.csproj", "{6BD6894A-2845-4FDD-A5C6-954285C60E2A}"
EndProject
Project("{FAE04EC0-301F-11D3-BF4B-00C04F79EFBC}") = "Web", "Web\Web.csproj", "{3132B3AA-7FA4-43C9-9F3B-C6C95CB7E4ED}"
EndProject
Global
	GlobalSection(SolutionConfigurationPlatforms) = preSolution
		Debug|Any CPU = Debug|Any CPU
		Release|Any CPU = Release|Any CPU
	EndGlobalSection
	GlobalSection(ProjectConfigurationPlatforms) = postSolution
		{546F8EC8-5AF9-4D02-8D1D-6FD074B724CD}.Debug|Any CPU.ActiveCfg = Debug|Any CPU
		{546F8EC8-5AF9-4D02-8D1D-6FD074B724CD}.Debug|Any CPU.Build.0 = Debug|Any CPU
		{546F8EC8-5AF9-4D02-8D1D-6FD074B724CD}.Release|Any CPU.ActiveCfg = Release|Any CPU
		{546F8EC8-5AF9-4D02-8D1D-6FD074B724CD}.Release|Any CPU.Build.0 = Release|Any CPU
		{0D129F20-DBFE-4C57-8D6D-AE36A48219C7}.Debug|Any CPU.ActiveCfg = Debug|Any CPU
		{0D129F20-DBFE-4C57-8D6D-AE36A48219C7}.Debug|Any CPU.Build.0 = Debug|Any CPU
		{0D129F20-DBFE-4C57-8D6D-AE36A48219C7}.Release|Any CPU.ActiveCfg = Release|Any CPU
		{0D129F20-DBFE-4C57-8D6D-AE36A48219C7}.Release|Any CPU.Build.0 = Release|Any CPU
		{6BD6894A-2845-4FDD-A5C6-954285C60E2A}.Debug|Any CPU.ActiveCfg = Debug|Any CPU
		{6BD6894A-2845-4FDD-A5C6-954285C60E2A}.Debug|Any CPU.Build.0 = Debug|Any CPU
		{6BD6894A-2845-4FDD-A5C6-954285C60E2A}.Release|Any CPU.ActiveCfg = Release|Any CPU
		{6BD6894A-2845-4FDD-A5C6-954285C60E2A}.Release|Any CPU.Build.0 = Release|Any CPU
		{3132B3AA-7FA4-43C9-9F3B-C6C95CB7E4ED}.Debug|Any CPU.ActiveCfg = Debug|Any CPU
		{3132B3AA-7FA4-43C9-9F3B-C6C95CB7E4ED}.Debug|Any CPU.Build.0 = Debug|Any CPU
		{3132B3AA-7FA4-43C9-9F3B-C6C95CB7E4ED}.Release|Any CPU.ActiveCfg = Release|Any CPU
		{3132B3AA-7FA4-43C9-9F3B-C6C95CB7E4ED}.Release|Any CPU.Build.0 = Release|Any CPU
	EndGlobalSection
	GlobalSection(SolutionProperties) = preSolution
		HideSolutionNode = FALSE
	EndGlobalSection
EndGlobal
